{"SurveyEntry":{"SurveyID":"SV_ey2Dx4mKKe8dWLk","SurveyName":"Python Learning Activities","SurveyDescription":null,"SurveyOwnerID":"UR_09rwCyl1gbui9yB","SurveyBrandID":"imperial","DivisionID":"DV_bC1q72ygzwRUdr7","SurveyLanguage":"EN","SurveyActiveResponseSet":"RS_eg3uQIDPrUe6FYq","SurveyStatus":"Inactive","SurveyStartDate":"0000-00-00 00:00:00","SurveyExpirationDate":"0000-00-00 00:00:00","SurveyCreationDate":"2023-02-14 11:03:13","CreatorID":"UR_09rwCyl1gbui9yB","LastModified":"2023-03-06 05:07:12","LastAccessed":"0000-00-00 00:00:00","LastActivated":"2023-02-21 14:07:51","Deleted":null},"SurveyElements":[{"SurveyID":"SV_ey2Dx4mKKe8dWLk","Element":"BL","PrimaryAttribute":"Survey Blocks","SecondaryAttribute":null,"TertiaryAttribute":null,"Payload":{"0":{"Type":"Default","Description":"Exercises","ID":"BL_4Np7jQxRN63do4m","BlockElements":[{"Type":"Question","QuestionID":"QID2"},{"Type":"Question","QuestionID":"QID1"},{"Type":"Question","QuestionID":"QID12"}],"Options":{"BlockLocking":"false","RandomizeQuestions":"false","BlockVisibility":"Expanded"}},"1":{"Type":"Trash","Description":"Trash \/ Unused Questions","ID":"BL_0wk3xTkjVPJQeH4","BlockElements":[]},"2":{"Type":"Standard","SubType":"","Description":"Feedback","ID":"BL_8wB6l7B62QgNGcK","Options":{"BlockLocking":"false","RandomizeQuestions":"false","BlockVisibility":"Expanded"},"BlockElements":[{"Type":"Question","QuestionID":"QID13"},{"Type":"Question","QuestionID":"QID15"}]},"3":{"Type":"Standard","SubType":"","Description":"Personal Info","ID":"BL_6X1TOouQkp3yMqG","BlockElements":[{"Type":"Question","QuestionID":"QID3"},{"Type":"Question","QuestionID":"QID4"},{"Type":"Page Break"},{"Type":"Question","QuestionID":"QID5"},{"Type":"Question","QuestionID":"QID6"}],"Options":{"BlockLocking":"false","RandomizeQuestions":"false","BlockVisibility":"Expanded"}},"5":{"Type":"Standard","SubType":"","Description":"Topics","ID":"BL_1SKzUJIj3Se1sea","BlockElements":[{"Type":"Question","QuestionID":"QID10"},{"Type":"Question","QuestionID":"QID14"},{"Type":"Question","QuestionID":"QID11"}],"Options":{"BlockLocking":"false","RandomizeQuestions":"false","BlockVisibility":"Expanded"}}}},{"SurveyID":"SV_ey2Dx4mKKe8dWLk","Element":"FL","PrimaryAttribute":"Survey Flow","SecondaryAttribute":null,"TertiaryAttribute":null,"Payload":{"Flow":[{"ID":"BL_6X1TOouQkp3yMqG","Type":"Standard","FlowID":"FL_4"},{"ID":"BL_1SKzUJIj3Se1sea","Type":"Standard","FlowID":"FL_6"},{"ID":"BL_4Np7jQxRN63do4m","Type":"Block","FlowID":"FL_2"},{"ID":"BL_8wB6l7B62QgNGcK","Type":"Standard","FlowID":"FL_3"}],"Properties":{"Count":6},"FlowID":"FL_1","Type":"Root"}},{"SurveyID":"SV_ey2Dx4mKKe8dWLk","Element":"PL","PrimaryAttribute":"Preview Link","SecondaryAttribute":null,"TertiaryAttribute":null,"Payload":{"PreviewType":"Brand","PreviewID":"67b30403-9d3e-428c-9dfc-def23d459e93"}},{"SurveyID":"SV_ey2Dx4mKKe8dWLk","Element":"SO","PrimaryAttribute":"Survey Options","SecondaryAttribute":null,"TertiaryAttribute":null,"Payload":{"BackButton":"false","SaveAndContinue":"true","SurveyProtection":"PublicSurvey","BallotBoxStuffingPrevention":"false","NoIndex":"Yes","SecureResponseFiles":"true","SurveyExpiration":"None","SurveyTermination":"DefaultMessage","Header":"","Footer":"","ProgressBarDisplay":"Text","PartialData":"+1 week","ValidationMessage":"","PreviousButton":"","NextButton":" \u2192 ","SurveyTitle":"Qualtrics Survey | Qualtrics Experience Management","SkinLibrary":"imperial","SkinType":"templated","Skin":{"brandingId":"6039928230","templateId":"*base","overrides":null},"NewScoring":1,"SurveyMetaDescription":"The most powerful, simple and trusted way to gather experience data. Start your journey to experience management and try a free account today.","SurveyName":"Python Learning Activities","CustomStyles":[],"ProtectSelectionIds":true}},{"SurveyID":"SV_ey2Dx4mKKe8dWLk","Element":"SCO","PrimaryAttribute":"Scoring","SecondaryAttribute":null,"TertiaryAttribute":null,"Payload":{"ScoringCategories":[],"ScoringCategoryGroups":[],"ScoringSummaryCategory":null,"ScoringSummaryAfterQuestions":0,"ScoringSummaryAfterSurvey":0,"DefaultScoringCategory":null,"AutoScoringCategory":null}},{"SurveyID":"SV_ey2Dx4mKKe8dWLk","Element":"PROJ","PrimaryAttribute":"CORE","SecondaryAttribute":null,"TertiaryAttribute":"1.1.0","Payload":{"ProjectCategory":"CORE","SchemaVersion":"1.1.0"}},{"SurveyID":"SV_ey2Dx4mKKe8dWLk","Element":"STAT","PrimaryAttribute":"Survey Statistics","SecondaryAttribute":null,"TertiaryAttribute":null,"Payload":{"MobileCompatible":false,"ID":"Survey Statistics"}},{"SurveyID":"SV_ey2Dx4mKKe8dWLk","Element":"QC","PrimaryAttribute":"Survey Question Count","SecondaryAttribute":"15","TertiaryAttribute":null,"Payload":null},{"SurveyID":"SV_ey2Dx4mKKe8dWLk","Element":"SQ","PrimaryAttribute":"QID12","SecondaryAttribute":"Any learning activities you would like to participate but not mentioned above?","TertiaryAttribute":null,"Payload":{"QuestionText":"Any learning activities you would like to participate but not mentioned above?","DefaultChoices":false,"DataExportTag":"Q12","QuestionType":"TE","Selector":"SL","Configuration":{"QuestionDescriptionOption":"UseText"},"QuestionDescription":"Any learning activities you would like to participate but not mentioned above?","Validation":{"Settings":{"ForceResponse":"OFF","Type":"None"}},"GradingData":[],"Language":[],"NextChoiceId":4,"NextAnswerId":1,"SearchSource":{"AllowFreeResponse":"false"},"QuestionID":"QID12"}},{"SurveyID":"SV_ey2Dx4mKKe8dWLk","Element":"SQ","PrimaryAttribute":"QID11","SecondaryAttribute":"Anything else you would like to learn in the Python courses?","TertiaryAttribute":null,"Payload":{"QuestionText":"Anything else you would like to learn in the Python courses?","DefaultChoices":false,"DataExportTag":"Q11","QuestionType":"TE","Selector":"SL","Configuration":{"QuestionDescriptionOption":"UseText"},"QuestionDescription":"Anything else you would like to learn in the Python courses?","Validation":{"Settings":{"ForceResponse":"OFF","Type":"None"}},"GradingData":[],"Language":[],"NextChoiceId":4,"NextAnswerId":1,"SearchSource":{"AllowFreeResponse":"false"},"QuestionID":"QID11"}},{"SurveyID":"SV_ey2Dx4mKKe8dWLk","Element":"RS","PrimaryAttribute":"RS_eg3uQIDPrUe6FYq","SecondaryAttribute":"Default Response Set","TertiaryAttribute":null,"Payload":null},{"SurveyID":"SV_ey2Dx4mKKe8dWLk","Element":"SQ","PrimaryAttribute":"QID5","SecondaryAttribute":"How confident are you to use Python to complete assignments?","TertiaryAttribute":null,"Payload":{"QuestionText":"How confident are you to use Python to complete assignments?","DefaultChoices":false,"DataExportTag":"Q5","QuestionType":"MC","Selector":"SAVR","SubSelector":"TX","Configuration":{"QuestionDescriptionOption":"UseText"},"QuestionDescription":"How confident are you to use Python to complete assignments?","Choices":{"1":{"Display":"Not confident at all"},"2":{"Display":"Slightly confident"},"3":{"Display":"Moderately confident"},"4":{"Display":"Very confident"},"5":{"Display":"Extremely confident"}},"ChoiceOrder":[1,2,3,4,5],"Validation":{"Settings":{"ForceResponse":"ON","ForceResponseType":"ON","Type":"None"}},"GradingData":[],"Language":[],"NextChoiceId":6,"NextAnswerId":1,"QuestionID":"QID5"}},{"SurveyID":"SV_ey2Dx4mKKe8dWLk","Element":"SQ","PrimaryAttribute":"QID4","SecondaryAttribute":"How much programming experience did you have before university?","TertiaryAttribute":null,"Payload":{"QuestionText":"How much programming experience did you have before university?","DefaultChoices":false,"DataExportTag":"Q4","QuestionType":"MC","Selector":"SAVR","SubSelector":"TX","Configuration":{"QuestionDescriptionOption":"UseText"},"QuestionDescription":"How much programming experience did you have before university?","Choices":{"1":{"Display":"None at all"},"2":{"Display":"Beginner"},"3":{"Display":"Intermediate"},"4":{"Display":"Advanced"}},"ChoiceOrder":[1,2,3,4],"Validation":{"Settings":{"ForceResponse":"ON","ForceResponseType":"ON","Type":"None"}},"GradingData":[],"Language":[],"NextChoiceId":5,"NextAnswerId":1,"QuestionID":"QID4"}},{"SurveyID":"SV_ey2Dx4mKKe8dWLk","Element":"SQ","PrimaryAttribute":"QID1","SecondaryAttribute":"How would you prefer to complete coding exercises? (select the ones apply to you)","TertiaryAttribute":null,"Payload":{"QuestionText":"How would you prefer to complete coding exercises? (select the ones apply to you)","DataExportTag":"Q1","QuestionType":"MC","Selector":"MAVR","SubSelector":"TX","Configuration":{"QuestionDescriptionOption":"UseText"},"QuestionDescription":"How would you prefer to complete coding exercises? (select the ones apply to you)","Choices":{"1":{"Display":"By yourself"},"2":{"Display":"In pairs"},"3":{"Display":"In groups"}},"ChoiceOrder":[1,2,3],"Validation":{"Settings":{"ForceResponse":"ON","ForceResponseType":"ON","Type":"None"}},"Language":[],"NextChoiceId":4,"NextAnswerId":1,"QuestionID":"QID1","DataVisibility":{"Private":false,"Hidden":false}}},{"SurveyID":"SV_ey2Dx4mKKe8dWLk","Element":"SQ","PrimaryAttribute":"QID15","SecondaryAttribute":"Is there anything that can improve your learning experience?","TertiaryAttribute":null,"Payload":{"QuestionText":"Is there anything that can improve your learning experience?","DefaultChoices":false,"DataExportTag":"Q12","QuestionType":"TE","Selector":"SL","Configuration":{"QuestionDescriptionOption":"UseText"},"QuestionDescription":"Is there anything that can improve your learning experience?","Validation":{"Settings":{"ForceResponse":"OFF","Type":"None"}},"GradingData":[],"Language":[],"NextChoiceId":4,"NextAnswerId":1,"SearchSource":{"AllowFreeResponse":"false"},"QuestionID":"QID15"}},{"SurveyID":"SV_ey2Dx4mKKe8dWLk","Element":"SQ","PrimaryAttribute":"QID2","SecondaryAttribute":"Please rank how beneficial these activities would be to your learning","TertiaryAttribute":null,"Payload":{"QuestionText":"Please rank how beneficial these activities would be to your learning","DefaultChoices":false,"DataExportTag":"Q2","QuestionID":"QID2","QuestionType":"Matrix","Selector":"Likert","SubSelector":"SingleAnswer","DataVisibility":{"Private":false,"Hidden":false},"Configuration":{"QuestionDescriptionOption":"UseText","TextPosition":"inline","ChoiceColumnWidth":25,"RepeatHeaders":"none","WhiteSpace":"OFF","MobileFirst":true,"Autoscale":{"XScale":{"Name":"noneAll","Type":"likert","Reverse":false}}},"QuestionDescription":"Please rank how beneficial these activities would be to your learning","Choices":{"1":{"Display":"Fixing broken code"},"2":{"Display":"Fill in the blank exerices"},"3":{"Display":"Predict the output of the code"},"4":{"Display":"Tweaking parameters\/ playing around with existing code examples"},"5":{"Display":"Application-based exercises (using programming to solve a chemical problem)"},"6":{"Display":"Debugging exericises"}},"ChoiceOrder":[1,2,3,4,5,6],"Validation":{"Settings":{"ForceResponse":"ON","ForceResponseType":"ON","Type":"None"}},"GradingData":[],"Language":[],"NextChoiceId":7,"NextAnswerId":6,"Answers":{"1":{"Display":"None at all"},"2":{"Display":"A little"},"3":{"Display":"A moderate amount"},"4":{"Display":"A lot"},"5":{"Display":"A great deal"}},"AnswerOrder":[1,2,3,4,5],"ChoiceDataExportTags":false}},{"SurveyID":"SV_ey2Dx4mKKe8dWLk","Element":"SQ","PrimaryAttribute":"QID10","SecondaryAttribute":"Please rank the importance of the following concepts to you","TertiaryAttribute":null,"Payload":{"QuestionText":"Please rank the importance of the following concepts to you","DefaultChoices":false,"DataExportTag":"Q10","QuestionID":"QID10","QuestionType":"Matrix","Selector":"Likert","SubSelector":"SingleAnswer","DataVisibility":{"Private":false,"Hidden":false},"Configuration":{"QuestionDescriptionOption":"UseText","TextPosition":"inline","ChoiceColumnWidth":25,"RepeatHeaders":"none","WhiteSpace":"OFF","MobileFirst":true,"Autoscale":{"XScale":{"Name":"importance","Type":"likert","Reverse":false}}},"QuestionDescription":"Please rank the importance of the following concepts to you","Choices":{"1":{"Display":"Data types and structures (e.g. arrays, lists, strings, booleans)"},"2":{"Display":"Flow control structures (e.g. conditionals, loops)"},"3":{"Display":"Variable declaration"},"4":{"Display":"Basic syntax"},"5":{"Display":"Functions"},"6":{"Display":"Object-oriented programming"}},"ChoiceOrder":[1,2,3,4,5,6],"Validation":{"Settings":{"ForceResponse":"ON","ForceResponseType":"ON","Type":"None"}},"GradingData":[],"Language":[],"NextChoiceId":7,"NextAnswerId":6,"Answers":{"1":{"Display":"Not at all important"},"2":{"Display":"Slightly important"},"3":{"Display":"Moderately important"},"4":{"Display":"Very important"},"5":{"Display":"Extremely important"}},"AnswerOrder":[1,2,3,4,5],"ChoiceDataExportTags":false}},{"SurveyID":"SV_ey2Dx4mKKe8dWLk","Element":"SQ","PrimaryAttribute":"QID14","SecondaryAttribute":"Please rank the importance of the following skills\/ topics to you","TertiaryAttribute":null,"Payload":{"QuestionText":"Please rank the importance of the following skills\/ topics to you","DefaultChoices":false,"DataExportTag":"Q11","QuestionID":"QID14","QuestionType":"Matrix","Selector":"Likert","SubSelector":"SingleAnswer","DataVisibility":{"Private":false,"Hidden":false},"Configuration":{"QuestionDescriptionOption":"UseText","TextPosition":"inline","ChoiceColumnWidth":25,"RepeatHeaders":"none","WhiteSpace":"OFF","MobileFirst":true,"Autoscale":{"XScale":{"Name":"importance","Type":"likert","Reverse":false}}},"QuestionDescription":"Please rank the importance of the following skills\/ topics to you","Choices":{"1":{"Display":"Debugging (e.g. reading error messages)"},"2":{"Display":"Usage of libraries and packages (e.g. NumPy, Pandas, Matplotlib)"},"3":{"Display":"Good programming practices (e.g. clean code, common practices)"},"4":{"Display":"Understand other people's code"},"5":{"Display":"Background knowledge of programming (e.g. operating systems, git)"},"6":{"Display":"Applications of programming in chemistry"}},"ChoiceOrder":[1,2,3,4,5,6],"Validation":{"Settings":{"ForceResponse":"ON","ForceResponseType":"ON","Type":"None"}},"GradingData":[],"Language":[],"NextChoiceId":6,"NextAnswerId":6,"Answers":{"1":{"Display":"Not at all important"},"2":{"Display":"Slightly important"},"3":{"Display":"Moderately important"},"4":{"Display":"Very important"},"5":{"Display":"Extremely important"}},"AnswerOrder":[1,2,3,4,5],"ChoiceDataExportTags":false}},{"SurveyID":"SV_ey2Dx4mKKe8dWLk","Element":"SQ","PrimaryAttribute":"QID13","SecondaryAttribute":"Please select a response for each of the following statements.","TertiaryAttribute":null,"Payload":{"QuestionText":"Please select a response for each of the following statements.","DefaultChoices":false,"DataExportTag":"Q13","QuestionID":"QID13","QuestionType":"Matrix","Selector":"Likert","SubSelector":"SingleAnswer","Configuration":{"QuestionDescriptionOption":"UseText","TextPosition":"inline","ChoiceColumnWidth":25,"RepeatHeaders":"none","WhiteSpace":"OFF","MobileFirst":true,"Autoscale":{"XScale":{"Name":"agreeDisagree","Type":"likert","Reverse":false}}},"QuestionDescription":"Please select a response for each of the following statements.","Choices":{"2":{"Display":"The programming course has provided me with enough knowledge to complete assignments"},"3":{"Display":"I'd like to have a module specifically on programming"},"4":{"Display":"A Q&A forum would be beneficial for learning programming"},"5":{"Display":"I'd like to have more practices on programming (e.g. short coding homework)"},"6":{"Display":"I know where to look up information when I need to code something new"}},"ChoiceOrder":[2,3,4,5,6],"Validation":{"Settings":{"ForceResponse":"ON","ForceResponseType":"ON","Type":"None"}},"GradingData":[],"Language":[],"NextChoiceId":7,"NextAnswerId":6,"Answers":{"1":{"Display":"Strongly disagree"},"2":{"Display":"Somewhat disagree"},"3":{"Display":"Neither agree nor disagree"},"4":{"Display":"Somewhat agree"},"5":{"Display":"Strongly agree"}},"AnswerOrder":[1,2,3,4,5],"ChoiceDataExportTags":false,"DataVisibility":{"Private":false,"Hidden":false}}},{"SurveyID":"SV_ey2Dx4mKKe8dWLk","Element":"SQ","PrimaryAttribute":"QID6","SecondaryAttribute":"What is your level of interest in Python programming?","TertiaryAttribute":null,"Payload":{"QuestionText":"What is your level of interest in Python programming?","DefaultChoices":false,"DataExportTag":"Q6","QuestionType":"MC","Selector":"SAVR","SubSelector":"TX","Configuration":{"QuestionDescriptionOption":"UseText","Autoscale":{"YScale":{"Name":"noneAll","Type":"likert","Reverse":false}}},"QuestionDescription":"What is your level of interest in Python programming?","Choices":{"1":{"Display":"None at all"},"2":{"Display":"A little"},"3":{"Display":"A moderate amount"},"4":{"Display":"A lot"},"5":{"Display":"A great deal"}},"ChoiceOrder":[1,2,3,4,5],"Validation":{"Settings":{"ForceResponse":"ON","ForceResponseType":"ON","Type":"None"}},"GradingData":[],"Language":[],"NextChoiceId":6,"NextAnswerId":1,"QuestionID":"QID6"}},{"SurveyID":"SV_ey2Dx4mKKe8dWLk","Element":"SQ","PrimaryAttribute":"QID3","SecondaryAttribute":"Which year are you in?","TertiaryAttribute":null,"Payload":{"QuestionText":"Which year are you in?","DefaultChoices":false,"DataExportTag":"Q3","QuestionType":"MC","Selector":"SAVR","SubSelector":"TX","Configuration":{"QuestionDescriptionOption":"UseText"},"QuestionDescription":"Which year are you in?","Choices":{"1":{"Display":"Year 1"},"2":{"Display":"Year 2"},"3":{"Display":"Year 3"},"4":{"Display":"Year 4"}},"ChoiceOrder":[1,2,3,4],"Validation":{"Settings":{"ForceResponse":"ON","ForceResponseType":"ON","Type":"None"}},"GradingData":[],"Language":[],"NextChoiceId":5,"NextAnswerId":1,"QuestionID":"QID3","DataVisibility":{"Private":false,"Hidden":false}}}]}