{"SurveyEntry":{"SurveyID":"SV_9AAK4P6OKv4gxhQ","SurveyName":"Python Educational Project","SurveyDescription":null,"SurveyOwnerID":"UR_09rwCyl1gbui9yB","SurveyBrandID":"imperial","DivisionID":"DV_bC1q72ygzwRUdr7","SurveyLanguage":"EN","SurveyActiveResponseSet":"RS_3fN3iKJ2Ro8g6EK","SurveyStatus":"Inactive","SurveyStartDate":"0000-00-00 00:00:00","SurveyExpirationDate":"0000-00-00 00:00:00","SurveyCreationDate":"2023-02-12 13:55:44","CreatorID":"UR_09rwCyl1gbui9yB","LastModified":"2023-03-06 05:38:24","LastAccessed":"0000-00-00 00:00:00","LastActivated":"2023-02-14 09:58:42","Deleted":null},"SurveyElements":[{"SurveyID":"SV_9AAK4P6OKv4gxhQ","Element":"BL","PrimaryAttribute":"Survey Blocks","SecondaryAttribute":null,"TertiaryAttribute":null,"Payload":[{"Type":"Default","Description":"About you","ID":"BL_eVRoZMyt48vclV4","BlockElements":[{"Type":"Question","QuestionID":"QID1"},{"Type":"Question","QuestionID":"QID2"}],"Options":{"BlockLocking":"false","RandomizeQuestions":"false","BlockVisibility":"Expanded"}},{"Type":"Trash","Description":"Trash \/ Unused Questions","ID":"BL_3qPWLWKLEaWc2DY","BlockElements":[]},{"Type":"Standard","SubType":"","Description":"Your Python Experience","ID":"BL_8CCbtGYw6q6vQIm","BlockElements":[{"Type":"Question","QuestionID":"QID3"},{"Type":"Page Break"},{"Type":"Question","QuestionID":"QID6"},{"Type":"Question","QuestionID":"QID7"},{"Type":"Question","QuestionID":"QID8"}]},{"Type":"Standard","SubType":"","Description":"Enjoyment and Activities","ID":"BL_eLJmw9PtOnvvrIa","BlockElements":[{"Type":"Question","QuestionID":"QID9"}]}]},{"SurveyID":"SV_9AAK4P6OKv4gxhQ","Element":"FL","PrimaryAttribute":"Survey Flow","SecondaryAttribute":null,"TertiaryAttribute":null,"Payload":{"Flow":[{"ID":"BL_eVRoZMyt48vclV4","Type":"Block","FlowID":"FL_2"},{"ID":"BL_8CCbtGYw6q6vQIm","Type":"Standard","FlowID":"FL_3"},{"ID":"BL_eLJmw9PtOnvvrIa","Type":"Standard","FlowID":"FL_4"}],"Properties":{"Count":4},"FlowID":"FL_1","Type":"Root"}},{"SurveyID":"SV_9AAK4P6OKv4gxhQ","Element":"PL","PrimaryAttribute":"Preview Link","SecondaryAttribute":null,"TertiaryAttribute":null,"Payload":{"PreviewType":"Brand","PreviewID":"2f792099-6929-4a43-a743-4384d709bdc4"}},{"SurveyID":"SV_9AAK4P6OKv4gxhQ","Element":"SO","PrimaryAttribute":"Survey Options","SecondaryAttribute":null,"TertiaryAttribute":null,"Payload":{"BackButton":"false","SaveAndContinue":"true","SurveyProtection":"PublicSurvey","BallotBoxStuffingPrevention":"false","NoIndex":"Yes","SecureResponseFiles":"true","SurveyExpiration":"None","SurveyTermination":"DefaultMessage","Header":"","Footer":"","ProgressBarDisplay":"Text","PartialData":"+1 week","ValidationMessage":"","PreviousButton":"","NextButton":" \u2192 ","SurveyTitle":"Qualtrics Survey | Qualtrics Experience Management","SkinLibrary":"imperial","SkinType":"templated","Skin":{"brandingId":"6039928230","templateId":"*base","overrides":null},"NewScoring":1,"SurveyMetaDescription":"The most powerful, simple and trusted way to gather experience data. Start your journey to experience management and try a free account today.","CustomStyles":[],"ProtectSelectionIds":true}},{"SurveyID":"SV_9AAK4P6OKv4gxhQ","Element":"SCO","PrimaryAttribute":"Scoring","SecondaryAttribute":null,"TertiaryAttribute":null,"Payload":{"ScoringCategories":[],"ScoringCategoryGroups":[],"ScoringSummaryCategory":null,"ScoringSummaryAfterQuestions":0,"ScoringSummaryAfterSurvey":0,"DefaultScoringCategory":null,"AutoScoringCategory":null}},{"SurveyID":"SV_9AAK4P6OKv4gxhQ","Element":"PROJ","PrimaryAttribute":"CORE","SecondaryAttribute":null,"TertiaryAttribute":"1.1.0","Payload":{"ProjectCategory":"CORE","SchemaVersion":"1.1.0"}},{"SurveyID":"SV_9AAK4P6OKv4gxhQ","Element":"STAT","PrimaryAttribute":"Survey Statistics","SecondaryAttribute":null,"TertiaryAttribute":null,"Payload":{"MobileCompatible":false,"ID":"Survey Statistics"}},{"SurveyID":"SV_9AAK4P6OKv4gxhQ","Element":"QC","PrimaryAttribute":"Survey Question Count","SecondaryAttribute":"9","TertiaryAttribute":null,"Payload":null},{"SurveyID":"SV_9AAK4P6OKv4gxhQ","Element":"SQ","PrimaryAttribute":"QID7","SecondaryAttribute":"Are there any aspects about the usage of Python in your courses that could improve the learning e...","TertiaryAttribute":null,"Payload":{"QuestionText":"Are there any aspects about the usage of Python in your courses that could improve the learning experience?","DefaultChoices":false,"DataExportTag":"Q5","QuestionID":"QID7","QuestionType":"TE","Selector":"SL","Configuration":{"QuestionDescriptionOption":"UseText"},"QuestionDescription":"Are there any aspects about the usage of Python in your courses that could improve the learning e...","Validation":{"Settings":{"ForceResponse":"OFF","Type":"None"}},"GradingData":[],"Language":[],"NextChoiceId":4,"NextAnswerId":1,"SearchSource":{"AllowFreeResponse":"false"}}},{"SurveyID":"SV_9AAK4P6OKv4gxhQ","Element":"SQ","PrimaryAttribute":"QID8","SecondaryAttribute":"Are there any other aspects about Python programming that you would like to be covered?","TertiaryAttribute":null,"Payload":{"QuestionText":"Are there any other aspects about Python programming that you would like to be covered?","DefaultChoices":false,"DataExportTag":"Q6","QuestionID":"QID8","QuestionType":"TE","Selector":"SL","Configuration":{"QuestionDescriptionOption":"UseText"},"QuestionDescription":"Are there any other aspects about Python programming that you would like to be covered?","Validation":{"Settings":{"ForceResponse":"OFF","Type":"None"}},"GradingData":[],"Language":[],"NextChoiceId":6,"NextAnswerId":1,"SearchSource":{"AllowFreeResponse":"false"}}},{"SurveyID":"SV_9AAK4P6OKv4gxhQ","Element":"RS","PrimaryAttribute":"RS_3fN3iKJ2Ro8g6EK","SecondaryAttribute":"Default Response Set","TertiaryAttribute":null,"Payload":null},{"SurveyID":"SV_9AAK4P6OKv4gxhQ","Element":"SQ","PrimaryAttribute":"QID2","SecondaryAttribute":"How much programming experience did you have prior to university?","TertiaryAttribute":null,"Payload":{"QuestionText":"How much programming experience did you have prior to university?","DefaultChoices":false,"DataExportTag":"Q2","QuestionType":"MC","Selector":"SAVR","SubSelector":"TX","Configuration":{"QuestionDescriptionOption":"UseText"},"QuestionDescription":"How much programming experience did you have prior to university?","Choices":{"1":{"Display":"None at all"},"2":{"Display":"Beginner"},"3":{"Display":"Intermediate"},"4":{"Display":"Advanced"}},"ChoiceOrder":[1,2,3,4],"Validation":{"Settings":{"ForceResponse":"OFF","Type":"None"}},"GradingData":[],"Language":[],"NextChoiceId":5,"NextAnswerId":1,"QuestionID":"QID2"}},{"SurveyID":"SV_9AAK4P6OKv4gxhQ","Element":"SQ","PrimaryAttribute":"QID6","SecondaryAttribute":"How often do you use Python in labs\/ courses (e.g. for data analysis, simulations etc.)?","TertiaryAttribute":null,"Payload":{"QuestionText":"How often do you use Python in labs\/ courses (e.g. for data analysis, simulations etc.)?","DataExportTag":"Q4","QuestionType":"MC","Selector":"SAVR","SubSelector":"TX","Configuration":{"QuestionDescriptionOption":"UseText"},"QuestionDescription":"How often do you use Python in labs\/ courses (e.g. for data analysis, simulations etc.)?","Choices":{"1":{"Display":"1- Always use Excel or other programs, never use Python"},"2":{"Display":"2- Mostly use Excel or other programs, rarely use Python"},"3":{"Display":"3- Sometimes use Excel or other programs, sometimes use Python"},"4":{"Display":"4- Mostly use Python, sometimes use Excel or other programs"},"5":{"Display":"5- Always use Python, never use other programs"}},"ChoiceOrder":[1,2,3,4,5],"Validation":{"Settings":{"ForceResponse":"OFF","Type":"None"}},"Language":[],"NextChoiceId":6,"NextAnswerId":1,"QuestionID":"QID6"}},{"SurveyID":"SV_9AAK4P6OKv4gxhQ","Element":"SQ","PrimaryAttribute":"QID3","SecondaryAttribute":"Please select an answer for each of the following statements","TertiaryAttribute":null,"Payload":{"QuestionText":"Please select an answer for each of the following statements","DefaultChoices":false,"DataExportTag":"Q3","QuestionType":"Matrix","Selector":"Likert","SubSelector":"SingleAnswer","Configuration":{"QuestionDescriptionOption":"UseText","TextPosition":"inline","ChoiceColumnWidth":25,"RepeatHeaders":"none","WhiteSpace":"OFF","MobileFirst":true},"QuestionDescription":"Please select an answer for each of the following statements","Choices":{"1":{"Display":"I feel confident using Python for data analysis"},"2":{"Display":"The Python programming courses made me more interested in programming"},"3":{"Display":"The Python programming courses helped me appreciate where programming can be applied in chemistry"},"4":{"Display":"I enjoyed practical programming exercises"},"5":{"Display":"Teachers and assistants provided quick support during the programming sessions"},"6":{"Display":"Teachers and assistants provided quick support outside of the programming sessions"},"7":{"Display":"I received detailed feedback about my Python code and how to imporve it"}},"ChoiceOrder":[1,2,3,4,5,6,7],"Validation":{"Settings":{"ForceResponse":"OFF","Type":"None"}},"GradingData":[],"Language":[],"NextChoiceId":8,"NextAnswerId":6,"Answers":{"1":{"Display":"Completely Disagree"},"2":{"Display":"Disagree"},"3":{"Display":"Neutral"},"4":{"Display":"Agree"},"5":{"Display":"Completely Agree"}},"AnswerOrder":[1,2,3,4,5],"ChoiceDataExportTags":false,"QuestionID":"QID3"}},{"SurveyID":"SV_9AAK4P6OKv4gxhQ","Element":"SQ","PrimaryAttribute":"QID9","SecondaryAttribute":"Please select an answer for each of the following statements","TertiaryAttribute":null,"Payload":{"QuestionText":"Please select an answer for each of the following statements","DefaultChoices":false,"DataExportTag":"Q7","QuestionType":"Matrix","Selector":"Likert","SubSelector":"SingleAnswer","Configuration":{"QuestionDescriptionOption":"UseText","TextPosition":"inline","ChoiceColumnWidth":25,"RepeatHeaders":"none","WhiteSpace":"OFF","MobileFirst":true},"QuestionDescription":"Please select an answer for each of the following statements","Choices":{"1":{"Display":"I enjoy solving programming exercises on my own"},"2":{"Display":"I would enjoy learning more about applications of Python in chemistry"},"3":{"Display":"I would enjoy receiving feedback from my colleague on my code"},"4":{"Display":"I would like to participate in Python programming games worth small course credit"},"5":{"Display":"I would enjoy working in small groups to solve programming exercises"},"6":{"Display":"I would enjoy giving feedback to my peers on their code"}},"ChoiceOrder":[1,2,3,4,5,6],"Validation":{"Settings":{"ForceResponse":"OFF","Type":"None"}},"GradingData":[],"Language":[],"NextChoiceId":7,"NextAnswerId":6,"Answers":{"1":{"Display":"Completely Disagree"},"2":{"Display":"Disagree"},"3":{"Display":"Neutral"},"4":{"Display":"Agree"},"5":{"Display":"Completely Agree"}},"AnswerOrder":[1,2,3,4,5],"ChoiceDataExportTags":false,"QuestionID":"QID9","DataVisibility":{"Private":false,"Hidden":false}}},{"SurveyID":"SV_9AAK4P6OKv4gxhQ","Element":"SQ","PrimaryAttribute":"QID1","SecondaryAttribute":"Which year group are you in?","TertiaryAttribute":null,"Payload":{"QuestionText":"Which year group are you in?","DataExportTag":"Q1","QuestionType":"MC","Selector":"SAVR","SubSelector":"TX","Configuration":{"QuestionDescriptionOption":"UseText"},"QuestionDescription":"Which year group are you in?","Choices":{"1":{"Display":"Year 1"},"2":{"Display":"Year 2"},"3":{"Display":"Year 3"},"4":{"Display":"Year 4"}},"ChoiceOrder":[1,2,3,4],"Validation":{"Settings":{"ForceResponse":"OFF","Type":"None"}},"Language":[],"NextChoiceId":5,"NextAnswerId":1,"QuestionID":"QID1"}}]}